
Microsoft Visual Studio Solution File, Format Version 12.00
# Visual Studio Version 16
VisualStudioVersion = 16.0.31025.194
MinimumVisualStudioVersion = 10.0.40219.1
Project("{9A19103F-16F7-4668-BE54-9A1E7A4F7556}") = "PaymentProcessor.API", "PaymentProcessor.API\PaymentProcessor.API.csproj", "{9A477BA0-E819-4FB9-84C0-9AE5CF83E187}"
EndProject
Project("{9A19103F-16F7-4668-BE54-9A1E7A4F7556}") = "PaymentProcessor.Data", "PaymentProcessor.Data\PaymentProcessor.Data.csproj", "{415C5676-1305-4E6D-A00A-D14328A9B5EF}"
EndProject
Global
	GlobalSection(SolutionConfigurationPlatforms) = preSolution
		Debug|Any CPU = Debug|Any CPU
		Release|Any CPU = Release|Any CPU
	EndGlobalSection
	GlobalSection(ProjectConfigurationPlatforms) = postSolution
		{9A477BA0-E819-4FB9-84C0-9AE5CF83E187}.Debug|Any CPU.ActiveCfg = Debug|Any CPU
		{9A477BA0-E819-4FB9-84C0-9AE5CF83E187}.Debug|Any CPU.Build.0 = Debug|Any CPU
		{9A477BA0-E819-4FB9-84C0-9AE5CF83E187}.Release|Any CPU.ActiveCfg = Release|Any CPU
		{9A477BA0-E819-4FB9-84C0-9AE5CF83E187}.Release|Any CPU.Build.0 = Release|Any CPU
		{415C5676-1305-4E6D-A00A-D14328A9B5EF}.Debug|Any CPU.ActiveCfg = Debug|Any CPU
		{415C5676-1305-4E6D-A00A-D14328A9B5EF}.Debug|Any CPU.Build.0 = Debug|Any CPU
		{415C5676-1305-4E6D-A00A-D14328A9B5EF}.Release|Any CPU.ActiveCfg = Release|Any CPU
		{415C5676-1305-4E6D-A00A-D14328A9B5EF}.Release|Any CPU.Build.0 = Release|Any CPU
	EndGlobalSection
	GlobalSection(SolutionProperties) = preSolution
		HideSolutionNode = FALSE
	EndGlobalSection
	GlobalSection(ExtensibilityGlobals) = postSolution
		SolutionGuid = {E48B6B84-1C85-4971-83FE-4B34472A32D7}
	EndGlobalSection
EndGlobal
